
Microsoft Visual Studio Solution File, Format Version 12.00
# Visual Studio Version 16
VisualStudioVersion = 16.0.30413.136
MinimumVisualStudioVersion = 10.0.40219.1
Project("{FAE04EC0-301F-11D3-BF4B-00C04F79EFBC}") = "theaterFriends", "theaterFriends.csproj", "{38098C15-4F80-42F0-BE7F-9C505D321F69}"
EndProject
Global
	GlobalSection(SolutionConfigurationPlatforms) = preSolution
		Debug|Any CPU = Debug|Any CPU
		Release|Any CPU = Release|Any CPU
	EndGlobalSection
	GlobalSection(ProjectConfigurationPlatforms) = postSolution
		{38098C15-4F80-42F0-BE7F-9C505D321F69}.Debug|Any CPU.ActiveCfg = Debug|Any CPU
		{38098C15-4F80-42F0-BE7F-9C505D321F69}.Debug|Any CPU.Build.0 = Debug|Any CPU
		{38098C15-4F80-42F0-BE7F-9C505D321F69}.Release|Any CPU.ActiveCfg = Release|Any CPU
		{38098C15-4F80-42F0-BE7F-9C505D321F69}.Release|Any CPU.Build.0 = Release|Any CPU
	EndGlobalSection
	GlobalSection(SolutionProperties) = preSolution
		HideSolutionNode = FALSE
	EndGlobalSection
	GlobalSection(ExtensibilityGlobals) = postSolution
		SolutionGuid = {A62326DB-74D3-4CCD-95B9-CEDD9CF88DAC}
	EndGlobalSection
EndGlobal
